{
  "object": {
    "pins": [
      {
        "package": "swift-crypto",
        "repositoryURL": "https://github.com/apple/swift-crypto.git",
        "state": {
          "branch": "main",
          "revision": "8f4bfa5bc1951440c15710e9e893721aa4b2765c",
          "version": null
        }
      }
    ]
  },
  "version": 1
}
